lockfileVersion: '9.0'

settings:
  autoInstallPeers: true
  excludeLinksFromLockfile: false

importers:

  .:
    dependencies:
      '@types/node':
        specifier: ^24.8.0
        version: 24.8.0
      typescript:
        specifier: ^5.9.3
        version: 5.9.3
    devDependencies:
      '@types/lodash':
        specifier: ^4.17.20
        version: 4.17.20
      lodash:
        specifier: ^4.17.21
        version: 4.17.21
      yaml:
        specifier: ^2.8.1
        version: 2.8.1

packages:

  '@types/lodash@4.17.20':
    resolution: {integrity: sha512-H3MHACvFUEiujabxhaI/ImO6gUrd8oOurg7LQtS7mbwIXA/cUqWrvBsaeJ23aZEPk1TAYkurjfMbSELfoCXlGA==}

  '@types/node@24.8.0':
    resolution: {integrity: sha512-5x08bUtU8hfboMTrJ7mEO4CpepS9yBwAqcL52y86SWNmbPX8LVbNs3EP4cNrIZgdjk2NAlP2ahNihozpoZIxSg==}

  lodash@4.17.21:
    resolution: {integrity: sha512-v2kDEe57lecTulaDIuNTPy3Ry4gLGJ6Z1O3vE1krgXZNrsQ+LFTGHVxVjcXPs17LhbZVGedAJv8XZ1tvj5FvSg==}

  typescript@5.9.3:
    resolution: {integrity: sha512-jl1vZzPDinLr9eUt3J/t7V6FgNEw9QjvBPdysz9KfQDD41fQrC2Y4vKQdiaUpFT4bXlb1RHhLpp8wtm6M5TgSw==}
    engines: {node: '>=14.17'}
    hasBin: true

  undici-types@7.14.0:
    resolution: {integrity: sha512-QQiYxHuyZ9gQUIrmPo3IA+hUl4KYk8uSA7cHrcKd/l3p1OTpZcM0Tbp9x7FAtXdAYhlasd60ncPpgu6ihG6TOA==}

  yaml@2.8.1:
    resolution: {integrity: sha512-lcYcMxX2PO9XMGvAJkJ3OsNMw+/7FKes7/hgerGUYWIoWu5j/+YQqcZr5JnPZWzOsEBgMbSbiSTn/dv/69Mkpw==}
    engines: {node: '>= 14.6'}
    hasBin: true

snapshots:

  '@types/lodash@4.17.20': {}

  '@types/node@24.8.0':
    dependencies:
      undici-types: 7.14.0

  lodash@4.17.21: {}

  typescript@5.9.3: {}

  undici-types@7.14.0: {}

  yaml@2.8.1: {}
